
Microsoft Visual Studio Solution File, Format Version 12.00
# Visual Studio Version 16
VisualStudioVersion = 16.0.31424.327
MinimumVisualStudioVersion = 10.0.40219.1
Project("{FAE04EC0-301F-11D3-BF4B-00C04F79EFBC}") = "BpLakaspiac", "BpLakaspiac.csproj", "{F80E1C64-C2C4-42E9-ADDF-9537DAA8BF19}"
EndProject
Global
	GlobalSection(SolutionConfigurationPlatforms) = preSolution
		Debug|Any CPU = Debug|Any CPU
		Release|Any CPU = Release|Any CPU
	EndGlobalSection
	GlobalSection(ProjectConfigurationPlatforms) = postSolution
		{F80E1C64-C2C4-42E9-ADDF-9537DAA8BF19}.Debug|Any CPU.ActiveCfg = Debug|Any CPU
		{F80E1C64-C2C4-42E9-ADDF-9537DAA8BF19}.Debug|Any CPU.Build.0 = Debug|Any CPU
		{F80E1C64-C2C4-42E9-ADDF-9537DAA8BF19}.Release|Any CPU.ActiveCfg = Release|Any CPU
		{F80E1C64-C2C4-42E9-ADDF-9537DAA8BF19}.Release|Any CPU.Build.0 = Release|Any CPU
	EndGlobalSection
	GlobalSection(SolutionProperties) = preSolution
		HideSolutionNode = FALSE
	EndGlobalSection
	GlobalSection(ExtensibilityGlobals) = postSolution
		SolutionGuid = {898ED269-E54C-46EF-A2FA-B4E074C5AFD9}
	EndGlobalSection
EndGlobal
